{
  "version": 4,
  "terraform_version": "1.9.5",
  "serial": 22,
  "lineage": "34240620-8953-3c39-91d0-ee088c8a0a80",
  "outputs": {},
  "resources": [
    {
      "mode": "managed",
      "type": "hcloud_network",
      "name": "cluster_network",
      "provider": "provider[\"registry.terraform.io/hetznercloud/hcloud\"]",
      "instances": [
        {
          "schema_version": 0,
          "attributes": {
            "delete_protection": false,
            "id": "10063283",
            "ip_range": "192.168.0.0/16",
            "labels": {},
            "name": "cluster-network"
          },
          "sensitive_attributes": [],
          "private": "bnVsbA=="
        }
      ]
    },
    {
      "mode": "managed",
      "type": "hcloud_network_subnet",
      "name": "subnet",
      "provider": "provider[\"registry.terraform.io/hetznercloud/hcloud\"]",
      "instances": [
        {
          "schema_version": 0,
          "attributes": {
            "gateway": "192.168.0.1",
            "id": "10063283-192.168.0.0/24",
            "ip_range": "192.168.0.0/24",
            "network_id": 10063283,
            "network_zone": "eu-central",
            "type": "cloud",
            "vswitch_id": null
          },
          "sensitive_attributes": [],
          "private": "bnVsbA==",
          "dependencies": [
            "hcloud_network.cluster_network"
          ]
        }
      ]
    }
  ],
  "check_results": null
}
